
Microsoft Visual Studio Solution File, Format Version 12.00
# Visual Studio Version 17
VisualStudioVersion = 17.9.34714.143
MinimumVisualStudioVersion = 10.0.40219.1
Project("{FAE04EC0-301F-11D3-BF4B-00C04F79EFBC}") = "WebApplication1", "WebApplication1.csproj", "{849933E0-06EC-4C3E-80FF-06431B00BF69}"
EndProject
Project("{FAE04EC0-301F-11D3-BF4B-00C04F79EFBC}") = "ConsoleCreatePersonJson", "..\ConsoleCreatePersonJson\ConsoleCreatePersonJson.csproj", "{8DAB067D-EB8C-4E81-9AD8-36EDCF88C9BB}"
EndProject
Global
	GlobalSection(SolutionConfigurationPlatforms) = preSolution
		Debug|Any CPU = Debug|Any CPU
		Release|Any CPU = Release|Any CPU
	EndGlobalSection
	GlobalSection(ProjectConfigurationPlatforms) = postSolution
		{849933E0-06EC-4C3E-80FF-06431B00BF69}.Debug|Any CPU.ActiveCfg = Debug|Any CPU
		{849933E0-06EC-4C3E-80FF-06431B00BF69}.Debug|Any CPU.Build.0 = Debug|Any CPU
		{849933E0-06EC-4C3E-80FF-06431B00BF69}.Release|Any CPU.ActiveCfg = Release|Any CPU
		{849933E0-06EC-4C3E-80FF-06431B00BF69}.Release|Any CPU.Build.0 = Release|Any CPU
		{8DAB067D-EB8C-4E81-9AD8-36EDCF88C9BB}.Debug|Any CPU.ActiveCfg = Debug|Any CPU
		{8DAB067D-EB8C-4E81-9AD8-36EDCF88C9BB}.Debug|Any CPU.Build.0 = Debug|Any CPU
		{8DAB067D-EB8C-4E81-9AD8-36EDCF88C9BB}.Release|Any CPU.ActiveCfg = Release|Any CPU
		{8DAB067D-EB8C-4E81-9AD8-36EDCF88C9BB}.Release|Any CPU.Build.0 = Release|Any CPU
	EndGlobalSection
	GlobalSection(SolutionProperties) = preSolution
		HideSolutionNode = FALSE
	EndGlobalSection
	GlobalSection(ExtensibilityGlobals) = postSolution
		SolutionGuid = {F578DE03-906B-4AAB-AF09-D1B55092250B}
	EndGlobalSection
EndGlobal
